// !$*UTF8*$!
{
	archiveVersion = 1;
	classes = {
	};
	objectVersion = 56;
	objects = {

/* Begin PBXBuildFile section */
		828545372CC996900074EBF9 /* TripMapViewController.swift in Sources */ = {isa = PBXBuildFile; fileRef = 828545362CC996900074EBF9 /* TripMapViewController.swift */; };
		828545382CC996900074EBF9 /* TripMapViewController.swift in Sources */ = {isa = PBXBuildFile; fileRef = 828545362CC996900074EBF9 /* TripMapViewController.swift */; };
		828545392CC996900074EBF9 /* TripMapViewController.swift in Sources */ = {isa = PBXBuildFile; fileRef = 828545362CC996900074EBF9 /* TripMapViewController.swift */; };
		8285453B2CC997210074EBF9 /* TripMapViewModel.swift in Sources */ = {isa = PBXBuildFile; fileRef = 8285453A2CC997210074EBF9 /* TripMapViewModel.swift */; };
		8285453C2CC997210074EBF9 /* TripMapViewModel.swift in Sources */ = {isa = PBXBuildFile; fileRef = 8285453A2CC997210074EBF9 /* TripMapViewModel.swift */; };
		8285453D2CC997210074EBF9 /* TripMapViewModel.swift in Sources */ = {isa = PBXBuildFile; fileRef = 8285453A2CC997210074EBF9 /* TripMapViewModel.swift */; };
		8285453F2CC997690074EBF9 /* TripStatsView.swift in Sources */ = {isa = PBXBuildFile; fileRef = 8285453E2CC997690074EBF9 /* TripStatsView.swift */; };
		828545402CC997690074EBF9 /* TripStatsView.swift in Sources */ = {isa = PBXBuildFile; fileRef = 8285453E2CC997690074EBF9 /* TripStatsView.swift */; };
		828545412CC997690074EBF9 /* TripStatsView.swift in Sources */ = {isa = PBXBuildFile; fileRef = 8285453E2CC997690074EBF9 /* TripStatsView.swift */; };
		828545432CC9979D0074EBF9 /* TripAnnotation.swift in Sources */ = {isa = PBXBuildFile; fileRef = 828545422CC9979D0074EBF9 /* TripAnnotation.swift */; };
		828545442CC9979D0074EBF9 /* TripAnnotation.swift in Sources */ = {isa = PBXBuildFile; fileRef = 828545422CC9979D0074EBF9 /* TripAnnotation.swift */; };
		828545452CC9979D0074EBF9 /* TripAnnotation.swift in Sources */ = {isa = PBXBuildFile; fileRef = 828545422CC9979D0074EBF9 /* TripAnnotation.swift */; };
		828545472CC998230074EBF9 /* CoreDataManager+Locations.swift in Sources */ = {isa = PBXBuildFile; fileRef = 828545462CC998230074EBF9 /* CoreDataManager+Locations.swift */; };
		828545482CC998230074EBF9 /* CoreDataManager+Locations.swift in Sources */ = {isa = PBXBuildFile; fileRef = 828545462CC998230074EBF9 /* CoreDataManager+Locations.swift */; };
		828545492CC998230074EBF9 /* CoreDataManager+Locations.swift in Sources */ = {isa = PBXBuildFile; fileRef = 828545462CC998230074EBF9 /* CoreDataManager+Locations.swift */; };
		82C285882CC8E918000CF5F7 /* AppDelegate.swift in Sources */ = {isa = PBXBuildFile; fileRef = 82C285872CC8E918000CF5F7 /* AppDelegate.swift */; };
		82C2858A2CC8E918000CF5F7 /* SceneDelegate.swift in Sources */ = {isa = PBXBuildFile; fileRef = 82C285892CC8E918000CF5F7 /* SceneDelegate.swift */; };
		82C285922CC8E918000CF5F7 /* TrackingApp.xcdatamodeld in Sources */ = {isa = PBXBuildFile; fileRef = 82C285902CC8E918000CF5F7 /* TrackingApp.xcdatamodeld */; };
		82C285942CC8E91A000CF5F7 /* Assets.xcassets in Resources */ = {isa = PBXBuildFile; fileRef = 82C285932CC8E91A000CF5F7 /* Assets.xcassets */; };
		82C285972CC8E91A000CF5F7 /* LaunchScreen.storyboard in Resources */ = {isa = PBXBuildFile; fileRef = 82C285952CC8E91A000CF5F7 /* LaunchScreen.storyboard */; };
		82C285A22CC8E91A000CF5F7 /* TrackingAppTests.swift in Sources */ = {isa = PBXBuildFile; fileRef = 82C285A12CC8E91A000CF5F7 /* TrackingAppTests.swift */; };
		82C285AC2CC8E91A000CF5F7 /* TrackingAppUITests.swift in Sources */ = {isa = PBXBuildFile; fileRef = 82C285AB2CC8E91A000CF5F7 /* TrackingAppUITests.swift */; };
		82C285AE2CC8E91A000CF5F7 /* TrackingAppUITestsLaunchTests.swift in Sources */ = {isa = PBXBuildFile; fileRef = 82C285AD2CC8E91A000CF5F7 /* TrackingAppUITestsLaunchTests.swift */; };
		82C285BB2CC8E94B000CF5F7 /* AppCoordinator.swift in Sources */ = {isa = PBXBuildFile; fileRef = 82C285BA2CC8E94B000CF5F7 /* AppCoordinator.swift */; };
		82C285BD2CC8E9A4000CF5F7 /* MapViewModel.swift in Sources */ = {isa = PBXBuildFile; fileRef = 82C285BC2CC8E9A4000CF5F7 /* MapViewModel.swift */; };
		82C285BF2CC8E9E4000CF5F7 /* MapViewController.swift in Sources */ = {isa = PBXBuildFile; fileRef = 82C285BE2CC8E9E4000CF5F7 /* MapViewController.swift */; };
		82C285C02CC8E9E9000CF5F7 /* MapViewModel.swift in Sources */ = {isa = PBXBuildFile; fileRef = 82C285BC2CC8E9A4000CF5F7 /* MapViewModel.swift */; };
		82C285C12CC8E9EB000CF5F7 /* MapViewModel.swift in Sources */ = {isa = PBXBuildFile; fileRef = 82C285BC2CC8E9A4000CF5F7 /* MapViewModel.swift */; };
		82C285C32CC8EA2F000CF5F7 /* SpeedView.swift in Sources */ = {isa = PBXBuildFile; fileRef = 82C285C22CC8EA2F000CF5F7 /* SpeedView.swift */; };
		82C285C52CC8EA4B000CF5F7 /* MapCoordinator.swift in Sources */ = {isa = PBXBuildFile; fileRef = 82C285C42CC8EA4B000CF5F7 /* MapCoordinator.swift */; };
		82C285C72CC8EAA0000CF5F7 /* TripsViewController.swift in Sources */ = {isa = PBXBuildFile; fileRef = 82C285C62CC8EAA0000CF5F7 /* TripsViewController.swift */; };
		82C285C92CC8EAB1000CF5F7 /* TripCoordinator.swift in Sources */ = {isa = PBXBuildFile; fileRef = 82C285C82CC8EAB1000CF5F7 /* TripCoordinator.swift */; };
		82C285CB2CC8EACD000CF5F7 /* TripsViewModel.swift in Sources */ = {isa = PBXBuildFile; fileRef = 82C285CA2CC8EACD000CF5F7 /* TripsViewModel.swift */; };
		82C285CD2CC8EAE2000CF5F7 /* TripEntity.swift in Sources */ = {isa = PBXBuildFile; fileRef = 82C285CC2CC8EAE2000CF5F7 /* TripEntity.swift */; };
		82C285CE2CC8EB75000CF5F7 /* TripsViewModel.swift in Sources */ = {isa = PBXBuildFile; fileRef = 82C285CA2CC8EACD000CF5F7 /* TripsViewModel.swift */; };
		82C285D02CC8ECD5000CF5F7 /* AppDelegateTests.swift in Sources */ = {isa = PBXBuildFile; fileRef = 82C285CF2CC8ECD5000CF5F7 /* AppDelegateTests.swift */; };
		82C285D62CC8EEE2000CF5F7 /* AppLocationManager.swift in Sources */ = {isa = PBXBuildFile; fileRef = 82C285D52CC8EEE2000CF5F7 /* AppLocationManager.swift */; };
		82C285D82CC8F1AC000CF5F7 /* LocationPermissionChecker.swift in Sources */ = {isa = PBXBuildFile; fileRef = 82C285D72CC8F1AC000CF5F7 /* LocationPermissionChecker.swift */; };
		82C285DA2CC8F26C000CF5F7 /* LocationPermissionAlert.swift in Sources */ = {isa = PBXBuildFile; fileRef = 82C285D92CC8F26C000CF5F7 /* LocationPermissionAlert.swift */; };
		82C285DC2CC8F2B6000CF5F7 /* LocationPermissionTests.swift in Sources */ = {isa = PBXBuildFile; fileRef = 82C285DB2CC8F2B6000CF5F7 /* LocationPermissionTests.swift */; };
		82C285E12CC8F367000CF5F7 /* TripsViewModel.swift in Sources */ = {isa = PBXBuildFile; fileRef = 82C285CA2CC8EACD000CF5F7 /* TripsViewModel.swift */; };
		82C285E82CC90330000CF5F7 /* TripEntity+CoreDataClass.swift in Sources */ = {isa = PBXBuildFile; fileRef = 82C285E72CC90330000CF5F7 /* TripEntity+CoreDataClass.swift */; };
		82C285EA2CC90353000CF5F7 /* TripEntity+CoreDataProperties.swift in Sources */ = {isa = PBXBuildFile; fileRef = 82C285E92CC90352000CF5F7 /* TripEntity+CoreDataProperties.swift */; };
		82C285EC2CC9037E000CF5F7 /* LocationEntity.swift in Sources */ = {isa = PBXBuildFile; fileRef = 82C285EB2CC9037E000CF5F7 /* LocationEntity.swift */; };
		82C285EE2CC9038A000CF5F7 /* LocationEntity+CoreDataClass.swift in Sources */ = {isa = PBXBuildFile; fileRef = 82C285ED2CC9038A000CF5F7 /* LocationEntity+CoreDataClass.swift */; };
		82C285F02CC903C8000CF5F7 /* LocationEntity+CoreDataProperties.swift in Sources */ = {isa = PBXBuildFile; fileRef = 82C285EF2CC903C8000CF5F7 /* LocationEntity+CoreDataProperties.swift */; };
		82C285F42CC90404000CF5F7 /* CoreDataManager.swift in Sources */ = {isa = PBXBuildFile; fileRef = 82C285F32CC90404000CF5F7 /* CoreDataManager.swift */; };
		82C285F62CC90466000CF5F7 /* MapViewModel+CoreData.swift in Sources */ = {isa = PBXBuildFile; fileRef = 82C285F52CC90466000CF5F7 /* MapViewModel+CoreData.swift */; };
		82C285F82CC9048A000CF5F7 /* TripsViewModel+CoreData.swift in Sources */ = {isa = PBXBuildFile; fileRef = 82C285F72CC9048A000CF5F7 /* TripsViewModel+CoreData.swift */; };
		82C285FC2CC909B0000CF5F7 /* AppLocationManager.swift in Sources */ = {isa = PBXBuildFile; fileRef = 82C285D52CC8EEE2000CF5F7 /* AppLocationManager.swift */; };
		82C285FD2CC909B4000CF5F7 /* CoreDataManager.swift in Sources */ = {isa = PBXBuildFile; fileRef = 82C285F32CC90404000CF5F7 /* CoreDataManager.swift */; };
		82C285FE2CC909B8000CF5F7 /* LocationPermissionAlert.swift in Sources */ = {isa = PBXBuildFile; fileRef = 82C285D92CC8F26C000CF5F7 /* LocationPermissionAlert.swift */; };
		82C285FF2CC909BA000CF5F7 /* LocationPermissionChecker.swift in Sources */ = {isa = PBXBuildFile; fileRef = 82C285D72CC8F1AC000CF5F7 /* LocationPermissionChecker.swift */; };
		82C286032CC90BE5000CF5F7 /* LoadingView.swift in Sources */ = {isa = PBXBuildFile; fileRef = 82C286022CC90BE5000CF5F7 /* LoadingView.swift */; };
		82C286052CC90C09000CF5F7 /* EmptyStateView.swift in Sources */ = {isa = PBXBuildFile; fileRef = 82C286042CC90C09000CF5F7 /* EmptyStateView.swift */; };
		82C286072CC90D03000CF5F7 /* TripsViewController+TripCell.swift in Sources */ = {isa = PBXBuildFile; fileRef = 82C286062CC90D03000CF5F7 /* TripsViewController+TripCell.swift */; };
		82C286092CC90DCD000CF5F7 /* TripsViewControllerTests.swift in Sources */ = {isa = PBXBuildFile; fileRef = 82C286082CC90DCD000CF5F7 /* TripsViewControllerTests.swift */; };
		82C2860A2CC90E32000CF5F7 /* TripsViewController.swift in Sources */ = {isa = PBXBuildFile; fileRef = 82C285C62CC8EAA0000CF5F7 /* TripsViewController.swift */; };
		82C2860B2CC90E36000CF5F7 /* TripsViewController+TripCell.swift in Sources */ = {isa = PBXBuildFile; fileRef = 82C286062CC90D03000CF5F7 /* TripsViewController+TripCell.swift */; };
		82C2860C2CC90E3C000CF5F7 /* MapViewModel+CoreData.swift in Sources */ = {isa = PBXBuildFile; fileRef = 82C285F52CC90466000CF5F7 /* MapViewModel+CoreData.swift */; };
		82C2860D2CC90E42000CF5F7 /* TripsViewModel+CoreData.swift in Sources */ = {isa = PBXBuildFile; fileRef = 82C285F72CC9048A000CF5F7 /* TripsViewModel+CoreData.swift */; };
		82C2860F2CC9154E000CF5F7 /* StatisticsViewModel.swift in Sources */ = {isa = PBXBuildFile; fileRef = 82C2860E2CC9154E000CF5F7 /* StatisticsViewModel.swift */; };
		82C286102CC9154E000CF5F7 /* StatisticsViewModel.swift in Sources */ = {isa = PBXBuildFile; fileRef = 82C2860E2CC9154E000CF5F7 /* StatisticsViewModel.swift */; };
		82C286152CC915BA000CF5F7 /* StatisticsViewController.swift in Sources */ = {isa = PBXBuildFile; fileRef = 82C286142CC915BA000CF5F7 /* StatisticsViewController.swift */; };
		82C286162CC915BA000CF5F7 /* StatisticsViewController.swift in Sources */ = {isa = PBXBuildFile; fileRef = 82C286142CC915BA000CF5F7 /* StatisticsViewController.swift */; };
		82C286182CC915FB000CF5F7 /* TripStatCardView.swift in Sources */ = {isa = PBXBuildFile; fileRef = 82C286172CC915FB000CF5F7 /* TripStatCardView.swift */; };
		82C286192CC915FB000CF5F7 /* TripStatCardView.swift in Sources */ = {isa = PBXBuildFile; fileRef = 82C286172CC915FB000CF5F7 /* TripStatCardView.swift */; };
		82C2861B2CC9171E000CF5F7 /* TripStatCardViewTests.swift in Sources */ = {isa = PBXBuildFile; fileRef = 82C2861A2CC9171E000CF5F7 /* TripStatCardViewTests.swift */; };
		82C2861D2CC9182D000CF5F7 /* StatisticsCoordinator.swift in Sources */ = {isa = PBXBuildFile; fileRef = 82C2861C2CC9182D000CF5F7 /* StatisticsCoordinator.swift */; };
		82C2861E2CC9182D000CF5F7 /* StatisticsCoordinator.swift in Sources */ = {isa = PBXBuildFile; fileRef = 82C2861C2CC9182D000CF5F7 /* StatisticsCoordinator.swift */; };
		82C286202CC918B2000CF5F7 /* CoordinatorTests.swift in Sources */ = {isa = PBXBuildFile; fileRef = 82C2861F2CC918B2000CF5F7 /* CoordinatorTests.swift */; };
		82C286212CC91C47000CF5F7 /* AppCoordinator.swift in Sources */ = {isa = PBXBuildFile; fileRef = 82C285BA2CC8E94B000CF5F7 /* AppCoordinator.swift */; };
		82C286222CC91C5E000CF5F7 /* TripEntity.swift in Sources */ = {isa = PBXBuildFile; fileRef = 82C285CC2CC8EAE2000CF5F7 /* TripEntity.swift */; };
		82C286232CC91CB3000CF5F7 /* TripEntity+CoreDataClass.swift in Sources */ = {isa = PBXBuildFile; fileRef = 82C285E72CC90330000CF5F7 /* TripEntity+CoreDataClass.swift */; };
		82C286242CC91CB6000CF5F7 /* TripEntity+CoreDataProperties.swift in Sources */ = {isa = PBXBuildFile; fileRef = 82C285E92CC90352000CF5F7 /* TripEntity+CoreDataProperties.swift */; };
		82C286252CC91CB9000CF5F7 /* LocationEntity.swift in Sources */ = {isa = PBXBuildFile; fileRef = 82C285EB2CC9037E000CF5F7 /* LocationEntity.swift */; };
		82C286262CC91CBA000CF5F7 /* LocationEntity+CoreDataClass.swift in Sources */ = {isa = PBXBuildFile; fileRef = 82C285ED2CC9038A000CF5F7 /* LocationEntity+CoreDataClass.swift */; };
		82C286272CC91CBD000CF5F7 /* LocationEntity+CoreDataProperties.swift in Sources */ = {isa = PBXBuildFile; fileRef = 82C285EF2CC903C8000CF5F7 /* LocationEntity+CoreDataProperties.swift */; };
		82C286282CC91CBF000CF5F7 /* SpeedView.swift in Sources */ = {isa = PBXBuildFile; fileRef = 82C285C22CC8EA2F000CF5F7 /* SpeedView.swift */; };
		82C286292CC91CC3000CF5F7 /* LoadingView.swift in Sources */ = {isa = PBXBuildFile; fileRef = 82C286022CC90BE5000CF5F7 /* LoadingView.swift */; };
		82C2862A2CC91CC5000CF5F7 /* EmptyStateView.swift in Sources */ = {isa = PBXBuildFile; fileRef = 82C286042CC90C09000CF5F7 /* EmptyStateView.swift */; };
		82C2862B2CC91CCA000CF5F7 /* MapViewController.swift in Sources */ = {isa = PBXBuildFile; fileRef = 82C285BE2CC8E9E4000CF5F7 /* MapViewController.swift */; };
		82C2862C2CC91CDE000CF5F7 /* TripCoordinator.swift in Sources */ = {isa = PBXBuildFile; fileRef = 82C285C82CC8EAB1000CF5F7 /* TripCoordinator.swift */; };
		82C2862D2CC91CE3000CF5F7 /* MapCoordinator.swift in Sources */ = {isa = PBXBuildFile; fileRef = 82C285C42CC8EA4B000CF5F7 /* MapCoordinator.swift */; };
		82C2862E2CC91CE9000CF5F7 /* AppDelegate.swift in Sources */ = {isa = PBXBuildFile; fileRef = 82C285872CC8E918000CF5F7 /* AppDelegate.swift */; };
		82C2862F2CC91CEC000CF5F7 /* SceneDelegate.swift in Sources */ = {isa = PBXBuildFile; fileRef = 82C285892CC8E918000CF5F7 /* SceneDelegate.swift */; };
		82C286312CC91FD7000CF5F7 /* MockDataHelper.swift in Sources */ = {isa = PBXBuildFile; fileRef = 82C286302CC91FD7000CF5F7 /* MockDataHelper.swift */; };
		82C286332CC91FFA000CF5F7 /* XCTestCase+Helpers.swift in Sources */ = {isa = PBXBuildFile; fileRef = 82C286322CC91FFA000CF5F7 /* XCTestCase+Helpers.swift */; };
		82C286342CC9201A000CF5F7 /* TripEntity.swift in Sources */ = {isa = PBXBuildFile; fileRef = 82C285CC2CC8EAE2000CF5F7 /* TripEntity.swift */; };
		82C286352CC9203E000CF5F7 /* LocationEntity.swift in Sources */ = {isa = PBXBuildFile; fileRef = 82C285EB2CC9037E000CF5F7 /* LocationEntity.swift */; };
		82C286362CC92041000CF5F7 /* LocationEntity+CoreDataClass.swift in Sources */ = {isa = PBXBuildFile; fileRef = 82C285ED2CC9038A000CF5F7 /* LocationEntity+CoreDataClass.swift */; };
		82C286372CC92043000CF5F7 /* LocationEntity+CoreDataProperties.swift in Sources */ = {isa = PBXBuildFile; fileRef = 82C285EF2CC903C8000CF5F7 /* LocationEntity+CoreDataProperties.swift */; };
		82C286382CC92045000CF5F7 /* TripEntity+CoreDataProperties.swift in Sources */ = {isa = PBXBuildFile; fileRef = 82C285E92CC90352000CF5F7 /* TripEntity+CoreDataProperties.swift */; };
		82C286392CC92047000CF5F7 /* TripEntity+CoreDataClass.swift in Sources */ = {isa = PBXBuildFile; fileRef = 82C285E72CC90330000CF5F7 /* TripEntity+CoreDataClass.swift */; };
		82C2863A2CC9204C000CF5F7 /* EmptyStateView.swift in Sources */ = {isa = PBXBuildFile; fileRef = 82C286042CC90C09000CF5F7 /* EmptyStateView.swift */; };
		82C2863B2CC9204E000CF5F7 /* LoadingView.swift in Sources */ = {isa = PBXBuildFile; fileRef = 82C286022CC90BE5000CF5F7 /* LoadingView.swift */; };
		82C2863C2CC92050000CF5F7 /* TripStatCardView.swift in Sources */ = {isa = PBXBuildFile; fileRef = 82C286172CC915FB000CF5F7 /* TripStatCardView.swift */; };
		82C2863D2CC92053000CF5F7 /* SpeedView.swift in Sources */ = {isa = PBXBuildFile; fileRef = 82C285C22CC8EA2F000CF5F7 /* SpeedView.swift */; };
		82C2863E2CC92058000CF5F7 /* StatisticsViewController.swift in Sources */ = {isa = PBXBuildFile; fileRef = 82C286142CC915BA000CF5F7 /* StatisticsViewController.swift */; };
		82C2863F2CC9205C000CF5F7 /* TripsViewController+TripCell.swift in Sources */ = {isa = PBXBuildFile; fileRef = 82C286062CC90D03000CF5F7 /* TripsViewController+TripCell.swift */; };
		82C286402CC9205E000CF5F7 /* TripsViewController.swift in Sources */ = {isa = PBXBuildFile; fileRef = 82C285C62CC8EAA0000CF5F7 /* TripsViewController.swift */; };
		82C286412CC92060000CF5F7 /* MapViewController.swift in Sources */ = {isa = PBXBuildFile; fileRef = 82C285BE2CC8E9E4000CF5F7 /* MapViewController.swift */; };
		82C286422CC92063000CF5F7 /* StatisticsViewModel.swift in Sources */ = {isa = PBXBuildFile; fileRef = 82C2860E2CC9154E000CF5F7 /* StatisticsViewModel.swift */; };
		82C286432CC92066000CF5F7 /* TripsViewModel+CoreData.swift in Sources */ = {isa = PBXBuildFile; fileRef = 82C285F72CC9048A000CF5F7 /* TripsViewModel+CoreData.swift */; };
		82C286442CC9206B000CF5F7 /* MapViewModel+CoreData.swift in Sources */ = {isa = PBXBuildFile; fileRef = 82C285F52CC90466000CF5F7 /* MapViewModel+CoreData.swift */; };
		82C286452CC92071000CF5F7 /* LocationPermissionChecker.swift in Sources */ = {isa = PBXBuildFile; fileRef = 82C285D72CC8F1AC000CF5F7 /* LocationPermissionChecker.swift */; };
		82C286462CC92073000CF5F7 /* LocationPermissionAlert.swift in Sources */ = {isa = PBXBuildFile; fileRef = 82C285D92CC8F26C000CF5F7 /* LocationPermissionAlert.swift */; };
		82C286472CC92075000CF5F7 /* CoreDataManager.swift in Sources */ = {isa = PBXBuildFile; fileRef = 82C285F32CC90404000CF5F7 /* CoreDataManager.swift */; };
		82C286492CC9207A000CF5F7 /* AppLocationManager.swift in Sources */ = {isa = PBXBuildFile; fileRef = 82C285D52CC8EEE2000CF5F7 /* AppLocationManager.swift */; };
		82C2864A2CC9207D000CF5F7 /* TripCoordinator.swift in Sources */ = {isa = PBXBuildFile; fileRef = 82C285C82CC8EAB1000CF5F7 /* TripCoordinator.swift */; };
		82C2864B2CC9207F000CF5F7 /* StatisticsCoordinator.swift in Sources */ = {isa = PBXBuildFile; fileRef = 82C2861C2CC9182D000CF5F7 /* StatisticsCoordinator.swift */; };
		82C2864C2CC92082000CF5F7 /* MapCoordinator.swift in Sources */ = {isa = PBXBuildFile; fileRef = 82C285C42CC8EA4B000CF5F7 /* MapCoordinator.swift */; };
		82C2864D2CC92084000CF5F7 /* AppCoordinator.swift in Sources */ = {isa = PBXBuildFile; fileRef = 82C285BA2CC8E94B000CF5F7 /* AppCoordinator.swift */; };
		82C2864E2CC92088000CF5F7 /* SceneDelegate.swift in Sources */ = {isa = PBXBuildFile; fileRef = 82C285892CC8E918000CF5F7 /* SceneDelegate.swift */; };
		82C2864F2CC9208A000CF5F7 /* AppDelegate.swift in Sources */ = {isa = PBXBuildFile; fileRef = 82C285872CC8E918000CF5F7 /* AppDelegate.swift */; };
		82C286512CC931C0000CF5F7 /* StatCardView.swift in Sources */ = {isa = PBXBuildFile; fileRef = 82C286502CC931C0000CF5F7 /* StatCardView.swift */; };
		82C286522CC931C0000CF5F7 /* StatCardView.swift in Sources */ = {isa = PBXBuildFile; fileRef = 82C286502CC931C0000CF5F7 /* StatCardView.swift */; };
		82C286532CC931C0000CF5F7 /* StatCardView.swift in Sources */ = {isa = PBXBuildFile; fileRef = 82C286502CC931C0000CF5F7 /* StatCardView.swift */; };
		82C286552CC953B9000CF5F7 /* TransportationMode.swift in Sources */ = {isa = PBXBuildFile; fileRef = 82C286542CC953B9000CF5F7 /* TransportationMode.swift */; };
		82C286562CC953B9000CF5F7 /* TransportationMode.swift in Sources */ = {isa = PBXBuildFile; fileRef = 82C286542CC953B9000CF5F7 /* TransportationMode.swift */; };
		82C286572CC953B9000CF5F7 /* TransportationMode.swift in Sources */ = {isa = PBXBuildFile; fileRef = 82C286542CC953B9000CF5F7 /* TransportationMode.swift */; };
		82C286592CC95439000CF5F7 /* CoreDataManager+TransportationMode.swift in Sources */ = {isa = PBXBuildFile; fileRef = 82C286582CC95439000CF5F7 /* CoreDataManager+TransportationMode.swift */; };
		82C2865A2CC95439000CF5F7 /* CoreDataManager+TransportationMode.swift in Sources */ = {isa = PBXBuildFile; fileRef = 82C286582CC95439000CF5F7 /* CoreDataManager+TransportationMode.swift */; };
		82C2865B2CC95439000CF5F7 /* CoreDataManager+TransportationMode.swift in Sources */ = {isa = PBXBuildFile; fileRef = 82C286582CC95439000CF5F7 /* CoreDataManager+TransportationMode.swift */; };
		82C2865E2CC9599F000CF5F7 /* LoadingState.swift in Sources */ = {isa = PBXBuildFile; fileRef = 82C2865D2CC9599F000CF5F7 /* LoadingState.swift */; };
		82C2865F2CC9599F000CF5F7 /* LoadingState.swift in Sources */ = {isa = PBXBuildFile; fileRef = 82C2865D2CC9599F000CF5F7 /* LoadingState.swift */; };
		82C286602CC9599F000CF5F7 /* LoadingState.swift in Sources */ = {isa = PBXBuildFile; fileRef = 82C2865D2CC9599F000CF5F7 /* LoadingState.swift */; };
		82C286622CC96A3C000CF5F7 /* TransportationModeDetectionService.swift in Sources */ = {isa = PBXBuildFile; fileRef = 82C286612CC96A3B000CF5F7 /* TransportationModeDetectionService.swift */; };
		82C286632CC96A3C000CF5F7 /* TransportationModeDetectionService.swift in Sources */ = {isa = PBXBuildFile; fileRef = 82C286612CC96A3B000CF5F7 /* TransportationModeDetectionService.swift */; };
		82C286642CC96A3C000CF5F7 /* TransportationModeDetectionService.swift in Sources */ = {isa = PBXBuildFile; fileRef = 82C286612CC96A3B000CF5F7 /* TransportationModeDetectionService.swift */; };
		82C286662CC96A91000CF5F7 /* TransportationModeDetectionServiceTests.swift in Sources */ = {isa = PBXBuildFile; fileRef = 82C286652CC96A91000CF5F7 /* TransportationModeDetectionServiceTests.swift */; };
		82C286682CC96D53000CF5F7 /* AppLocationManagerTests.swift in Sources */ = {isa = PBXBuildFile; fileRef = 82C286672CC96D53000CF5F7 /* AppLocationManagerTests.swift */; };
		82C2866A2CC96DB8000CF5F7 /* Notifications+Names.swift in Sources */ = {isa = PBXBuildFile; fileRef = 82C286692CC96DB8000CF5F7 /* Notifications+Names.swift */; };
		82C2866B2CC96DB8000CF5F7 /* Notifications+Names.swift in Sources */ = {isa = PBXBuildFile; fileRef = 82C286692CC96DB8000CF5F7 /* Notifications+Names.swift */; };
		82C2866C2CC96DB8000CF5F7 /* Notifications+Names.swift in Sources */ = {isa = PBXBuildFile; fileRef = 82C286692CC96DB8000CF5F7 /* Notifications+Names.swift */; };
		82C2866E2CC96E5C000CF5F7 /* AppNotificationsTests.swift in Sources */ = {isa = PBXBuildFile; fileRef = 82C2866D2CC96E5C000CF5F7 /* AppNotificationsTests.swift */; };
		82C286702CC97049000CF5F7 /* GeofencingService.swift in Sources */ = {isa = PBXBuildFile; fileRef = 82C2866F2CC97049000CF5F7 /* GeofencingService.swift */; };
		82C286712CC97049000CF5F7 /* GeofencingService.swift in Sources */ = {isa = PBXBuildFile; fileRef = 82C2866F2CC97049000CF5F7 /* GeofencingService.swift */; };
		82C286722CC97049000CF5F7 /* GeofencingService.swift in Sources */ = {isa = PBXBuildFile; fileRef = 82C2866F2CC97049000CF5F7 /* GeofencingService.swift */; };
		82C286752CC970F9000CF5F7 /* GeofencingServiceTests.swift in Sources */ = {isa = PBXBuildFile; fileRef = 82C286742CC970F9000CF5F7 /* GeofencingServiceTests.swift */; };
		82C286772CC971F4000CF5F7 /* AppLocationManager+Geofencing.swift in Sources */ = {isa = PBXBuildFile; fileRef = 82C286762CC971F4000CF5F7 /* AppLocationManager+Geofencing.swift */; };
		82C286782CC971F4000CF5F7 /* AppLocationManager+Geofencing.swift in Sources */ = {isa = PBXBuildFile; fileRef = 82C286762CC971F4000CF5F7 /* AppLocationManager+Geofencing.swift */; };
		82C286792CC971F4000CF5F7 /* AppLocationManager+Geofencing.swift in Sources */ = {isa = PBXBuildFile; fileRef = 82C286762CC971F4000CF5F7 /* AppLocationManager+Geofencing.swift */; };
/* End PBXBuildFile section */

/* Begin PBXContainerItemProxy section */
		82C2859E2CC8E91A000CF5F7 /* PBXContainerItemProxy */ = {
			isa = PBXContainerItemProxy;
			containerPortal = 82C2857C2CC8E918000CF5F7 /* Project object */;
			proxyType = 1;
			remoteGlobalIDString = 82C285832CC8E918000CF5F7;
			remoteInfo = TrackingApp;
		};
		82C285A82CC8E91A000CF5F7 /* PBXContainerItemProxy */ = {
			isa = PBXContainerItemProxy;
			containerPortal = 82C2857C2CC8E918000CF5F7 /* Project object */;
			proxyType = 1;
			remoteGlobalIDString = 82C285832CC8E918000CF5F7;
			remoteInfo = TrackingApp;
		};
/* End PBXContainerItemProxy section */

/* Begin PBXFileReference section */
		828545362CC996900074EBF9 /* TripMapViewController.swift */ = {isa = PBXFileReference; lastKnownFileType = sourcecode.swift; path = TripMapViewController.swift; sourceTree = "<group>"; };
		8285453A2CC997210074EBF9 /* TripMapViewModel.swift */ = {isa = PBXFileReference; lastKnownFileType = sourcecode.swift; path = TripMapViewModel.swift; sourceTree = "<group>"; };
		8285453E2CC997690074EBF9 /* TripStatsView.swift */ = {isa = PBXFileReference; lastKnownFileType = sourcecode.swift; path = TripStatsView.swift; sourceTree = "<group>"; };
		828545422CC9979D0074EBF9 /* TripAnnotation.swift */ = {isa = PBXFileReference; lastKnownFileType = sourcecode.swift; path = TripAnnotation.swift; sourceTree = "<group>"; };
		828545462CC998230074EBF9 /* CoreDataManager+Locations.swift */ = {isa = PBXFileReference; lastKnownFileType = sourcecode.swift; path = "CoreDataManager+Locations.swift"; sourceTree = "<group>"; };
		82C285842CC8E918000CF5F7 /* TrackingApp.app */ = {isa = PBXFileReference; explicitFileType = wrapper.application; includeInIndex = 0; path = TrackingApp.app; sourceTree = BUILT_PRODUCTS_DIR; };
		82C285872CC8E918000CF5F7 /* AppDelegate.swift */ = {isa = PBXFileReference; lastKnownFileType = sourcecode.swift; path = AppDelegate.swift; sourceTree = "<group>"; };
		82C285892CC8E918000CF5F7 /* SceneDelegate.swift */ = {isa = PBXFileReference; lastKnownFileType = sourcecode.swift; path = SceneDelegate.swift; sourceTree = "<group>"; };
		82C285912CC8E918000CF5F7 /* TrackingApp.xcdatamodel */ = {isa = PBXFileReference; lastKnownFileType = wrapper.xcdatamodel; path = TrackingApp.xcdatamodel; sourceTree = "<group>"; };
		82C285932CC8E91A000CF5F7 /* Assets.xcassets */ = {isa = PBXFileReference; lastKnownFileType = folder.assetcatalog; path = Assets.xcassets; sourceTree = "<group>"; };
		82C285962CC8E91A000CF5F7 /* Base */ = {isa = PBXFileReference; lastKnownFileType = file.storyboard; name = Base; path = Base.lproj/LaunchScreen.storyboard; sourceTree = "<group>"; };
		82C285982CC8E91A000CF5F7 /* Info.plist */ = {isa = PBXFileReference; lastKnownFileType = text.plist.xml; path = Info.plist; sourceTree = "<group>"; };
		82C2859D2CC8E91A000CF5F7 /* TrackingAppTests.xctest */ = {isa = PBXFileReference; explicitFileType = wrapper.cfbundle; includeInIndex = 0; path = TrackingAppTests.xctest; sourceTree = BUILT_PRODUCTS_DIR; };
		82C285A12CC8E91A000CF5F7 /* TrackingAppTests.swift */ = {isa = PBXFileReference; lastKnownFileType = sourcecode.swift; path = TrackingAppTests.swift; sourceTree = "<group>"; };
		82C285A72CC8E91A000CF5F7 /* TrackingAppUITests.xctest */ = {isa = PBXFileReference; explicitFileType = wrapper.cfbundle; includeInIndex = 0; path = TrackingAppUITests.xctest; sourceTree = BUILT_PRODUCTS_DIR; };
		82C285AB2CC8E91A000CF5F7 /* TrackingAppUITests.swift */ = {isa = PBXFileReference; lastKnownFileType = sourcecode.swift; path = TrackingAppUITests.swift; sourceTree = "<group>"; };
		82C285AD2CC8E91A000CF5F7 /* TrackingAppUITestsLaunchTests.swift */ = {isa = PBXFileReference; lastKnownFileType = sourcecode.swift; path = TrackingAppUITestsLaunchTests.swift; sourceTree = "<group>"; };
		82C285BA2CC8E94B000CF5F7 /* AppCoordinator.swift */ = {isa = PBXFileReference; lastKnownFileType = sourcecode.swift; path = AppCoordinator.swift; sourceTree = "<group>"; };
		82C285BC2CC8E9A4000CF5F7 /* MapViewModel.swift */ = {isa = PBXFileReference; lastKnownFileType = sourcecode.swift; path = MapViewModel.swift; sourceTree = "<group>"; };
		82C285BE2CC8E9E4000CF5F7 /* MapViewController.swift */ = {isa = PBXFileReference; lastKnownFileType = sourcecode.swift; path = MapViewController.swift; sourceTree = "<group>"; };
		82C285C22CC8EA2F000CF5F7 /* SpeedView.swift */ = {isa = PBXFileReference; lastKnownFileType = sourcecode.swift; path = SpeedView.swift; sourceTree = "<group>"; };
		82C285C42CC8EA4B000CF5F7 /* MapCoordinator.swift */ = {isa = PBXFileReference; lastKnownFileType = sourcecode.swift; path = MapCoordinator.swift; sourceTree = "<group>"; };
		82C285C62CC8EAA0000CF5F7 /* TripsViewController.swift */ = {isa = PBXFileReference; lastKnownFileType = sourcecode.swift; path = TripsViewController.swift; sourceTree = "<group>"; };
		82C285C82CC8EAB1000CF5F7 /* TripCoordinator.swift */ = {isa = PBXFileReference; lastKnownFileType = sourcecode.swift; path = TripCoordinator.swift; sourceTree = "<group>"; };
		82C285CA2CC8EACD000CF5F7 /* TripsViewModel.swift */ = {isa = PBXFileReference; lastKnownFileType = sourcecode.swift; path = TripsViewModel.swift; sourceTree = "<group>"; };
		82C285CC2CC8EAE2000CF5F7 /* TripEntity.swift */ = {isa = PBXFileReference; lastKnownFileType = sourcecode.swift; path = TripEntity.swift; sourceTree = "<group>"; };
		82C285CF2CC8ECD5000CF5F7 /* AppDelegateTests.swift */ = {isa = PBXFileReference; lastKnownFileType = sourcecode.swift; path = AppDelegateTests.swift; sourceTree = "<group>"; };
		82C285D52CC8EEE2000CF5F7 /* AppLocationManager.swift */ = {isa = PBXFileReference; lastKnownFileType = sourcecode.swift; path = AppLocationManager.swift; sourceTree = "<group>"; };
		82C285D72CC8F1AC000CF5F7 /* LocationPermissionChecker.swift */ = {isa = PBXFileReference; lastKnownFileType = sourcecode.swift; path = LocationPermissionChecker.swift; sourceTree = "<group>"; };
		82C285D92CC8F26C000CF5F7 /* LocationPermissionAlert.swift */ = {isa = PBXFileReference; lastKnownFileType = sourcecode.swift; path = LocationPermissionAlert.swift; sourceTree = "<group>"; };
		82C285DB2CC8F2B6000CF5F7 /* LocationPermissionTests.swift */ = {isa = PBXFileReference; lastKnownFileType = sourcecode.swift; path = LocationPermissionTests.swift; sourceTree = "<group>"; };
		82C285E72CC90330000CF5F7 /* TripEntity+CoreDataClass.swift */ = {isa = PBXFileReference; lastKnownFileType = sourcecode.swift; path = "TripEntity+CoreDataClass.swift"; sourceTree = "<group>"; };
		82C285E92CC90352000CF5F7 /* TripEntity+CoreDataProperties.swift */ = {isa = PBXFileReference; lastKnownFileType = sourcecode.swift; path = "TripEntity+CoreDataProperties.swift"; sourceTree = "<group>"; };
		82C285EB2CC9037E000CF5F7 /* LocationEntity.swift */ = {isa = PBXFileReference; lastKnownFileType = sourcecode.swift; path = LocationEntity.swift; sourceTree = "<group>"; };
		82C285ED2CC9038A000CF5F7 /* LocationEntity+CoreDataClass.swift */ = {isa = PBXFileReference; lastKnownFileType = sourcecode.swift; path = "LocationEntity+CoreDataClass.swift"; sourceTree = "<group>"; };
		82C285EF2CC903C8000CF5F7 /* LocationEntity+CoreDataProperties.swift */ = {isa = PBXFileReference; lastKnownFileType = sourcecode.swift; path = "LocationEntity+CoreDataProperties.swift"; sourceTree = "<group>"; };
		82C285F32CC90404000CF5F7 /* CoreDataManager.swift */ = {isa = PBXFileReference; lastKnownFileType = sourcecode.swift; path = CoreDataManager.swift; sourceTree = "<group>"; };
		82C285F52CC90466000CF5F7 /* MapViewModel+CoreData.swift */ = {isa = PBXFileReference; lastKnownFileType = sourcecode.swift; path = "MapViewModel+CoreData.swift"; sourceTree = "<group>"; };
		82C285F72CC9048A000CF5F7 /* TripsViewModel+CoreData.swift */ = {isa = PBXFileReference; lastKnownFileType = sourcecode.swift; path = "TripsViewModel+CoreData.swift"; sourceTree = "<group>"; };
		82C286022CC90BE5000CF5F7 /* LoadingView.swift */ = {isa = PBXFileReference; lastKnownFileType = sourcecode.swift; path = LoadingView.swift; sourceTree = "<group>"; };
		82C286042CC90C09000CF5F7 /* EmptyStateView.swift */ = {isa = PBXFileReference; lastKnownFileType = sourcecode.swift; path = EmptyStateView.swift; sourceTree = "<group>"; };
		82C286062CC90D03000CF5F7 /* TripsViewController+TripCell.swift */ = {isa = PBXFileReference; lastKnownFileType = sourcecode.swift; path = "TripsViewController+TripCell.swift"; sourceTree = "<group>"; };
		82C286082CC90DCD000CF5F7 /* TripsViewControllerTests.swift */ = {isa = PBXFileReference; lastKnownFileType = sourcecode.swift; path = TripsViewControllerTests.swift; sourceTree = "<group>"; };
		82C2860E2CC9154E000CF5F7 /* StatisticsViewModel.swift */ = {isa = PBXFileReference; lastKnownFileType = sourcecode.swift; path = StatisticsViewModel.swift; sourceTree = "<group>"; };
		82C286142CC915BA000CF5F7 /* StatisticsViewController.swift */ = {isa = PBXFileReference; lastKnownFileType = sourcecode.swift; path = StatisticsViewController.swift; sourceTree = "<group>"; };
		82C286172CC915FB000CF5F7 /* TripStatCardView.swift */ = {isa = PBXFileReference; lastKnownFileType = sourcecode.swift; path = TripStatCardView.swift; sourceTree = "<group>"; };
		82C2861A2CC9171E000CF5F7 /* TripStatCardViewTests.swift */ = {isa = PBXFileReference; lastKnownFileType = sourcecode.swift; path = TripStatCardViewTests.swift; sourceTree = "<group>"; };
		82C2861C2CC9182D000CF5F7 /* StatisticsCoordinator.swift */ = {isa = PBXFileReference; lastKnownFileType = sourcecode.swift; path = StatisticsCoordinator.swift; sourceTree = "<group>"; };
		82C2861F2CC918B2000CF5F7 /* CoordinatorTests.swift */ = {isa = PBXFileReference; lastKnownFileType = sourcecode.swift; path = CoordinatorTests.swift; sourceTree = "<group>"; };
		82C286302CC91FD7000CF5F7 /* MockDataHelper.swift */ = {isa = PBXFileReference; lastKnownFileType = sourcecode.swift; path = MockDataHelper.swift; sourceTree = "<group>"; };
		82C286322CC91FFA000CF5F7 /* XCTestCase+Helpers.swift */ = {isa = PBXFileReference; lastKnownFileType = sourcecode.swift; path = "XCTestCase+Helpers.swift"; sourceTree = "<group>"; };
		82C286502CC931C0000CF5F7 /* StatCardView.swift */ = {isa = PBXFileReference; lastKnownFileType = sourcecode.swift; path = StatCardView.swift; sourceTree = "<group>"; };
		82C286542CC953B9000CF5F7 /* TransportationMode.swift */ = {isa = PBXFileReference; lastKnownFileType = sourcecode.swift; path = TransportationMode.swift; sourceTree = "<group>"; };
		82C286582CC95439000CF5F7 /* CoreDataManager+TransportationMode.swift */ = {isa = PBXFileReference; lastKnownFileType = sourcecode.swift; path = "CoreDataManager+TransportationMode.swift"; sourceTree = "<group>"; };
		82C2865D2CC9599F000CF5F7 /* LoadingState.swift */ = {isa = PBXFileReference; lastKnownFileType = sourcecode.swift; path = LoadingState.swift; sourceTree = "<group>"; };
		82C286612CC96A3B000CF5F7 /* TransportationModeDetectionService.swift */ = {isa = PBXFileReference; lastKnownFileType = sourcecode.swift; path = TransportationModeDetectionService.swift; sourceTree = "<group>"; };
		82C286652CC96A91000CF5F7 /* TransportationModeDetectionServiceTests.swift */ = {isa = PBXFileReference; lastKnownFileType = sourcecode.swift; path = TransportationModeDetectionServiceTests.swift; sourceTree = "<group>"; };
		82C286672CC96D53000CF5F7 /* AppLocationManagerTests.swift */ = {isa = PBXFileReference; lastKnownFileType = sourcecode.swift; path = AppLocationManagerTests.swift; sourceTree = "<group>"; };
		82C286692CC96DB8000CF5F7 /* Notifications+Names.swift */ = {isa = PBXFileReference; lastKnownFileType = sourcecode.swift; path = "Notifications+Names.swift"; sourceTree = "<group>"; };
		82C2866D2CC96E5C000CF5F7 /* AppNotificationsTests.swift */ = {isa = PBXFileReference; lastKnownFileType = sourcecode.swift; path = AppNotificationsTests.swift; sourceTree = "<group>"; };
		82C2866F2CC97049000CF5F7 /* GeofencingService.swift */ = {isa = PBXFileReference; lastKnownFileType = sourcecode.swift; path = GeofencingService.swift; sourceTree = "<group>"; };
		82C286742CC970F9000CF5F7 /* GeofencingServiceTests.swift */ = {isa = PBXFileReference; lastKnownFileType = sourcecode.swift; path = GeofencingServiceTests.swift; sourceTree = "<group>"; };
		82C286762CC971F4000CF5F7 /* AppLocationManager+Geofencing.swift */ = {isa = PBXFileReference; lastKnownFileType = sourcecode.swift; path = "AppLocationManager+Geofencing.swift"; sourceTree = "<group>"; };
/* End PBXFileReference section */

/* Begin PBXFrameworksBuildPhase section */
		82C285812CC8E918000CF5F7 /* Frameworks */ = {
			isa = PBXFrameworksBuildPhase;
			buildActionMask = 2147483647;
			files = (
			);
			runOnlyForDeploymentPostprocessing = 0;
		};
		82C2859A2CC8E91A000CF5F7 /* Frameworks */ = {
			isa = PBXFrameworksBuildPhase;
			buildActionMask = 2147483647;
			files = (
			);
			runOnlyForDeploymentPostprocessing = 0;
		};
		82C285A42CC8E91A000CF5F7 /* Frameworks */ = {
			isa = PBXFrameworksBuildPhase;
			buildActionMask = 2147483647;
			files = (
			);
			runOnlyForDeploymentPostprocessing = 0;
		};
/* End PBXFrameworksBuildPhase section */

/* Begin PBXGroup section */
		8285454A2CC9A3370074EBF9 /* AppLocationManager */ = {
			isa = PBXGroup;
			children = (
				82C285D52CC8EEE2000CF5F7 /* AppLocationManager.swift */,
				82C286762CC971F4000CF5F7 /* AppLocationManager+Geofencing.swift */,
			);
			path = AppLocationManager;
			sourceTree = "<group>";
		};
		8285454B2CC9A3500074EBF9 /* CoreDataManager */ = {
			isa = PBXGroup;
			children = (
				82C285F32CC90404000CF5F7 /* CoreDataManager.swift */,
				82C286582CC95439000CF5F7 /* CoreDataManager+TransportationMode.swift */,
				828545462CC998230074EBF9 /* CoreDataManager+Locations.swift */,
			);
			path = CoreDataManager;
			sourceTree = "<group>";
		};
		8285454C2CC9A35B0074EBF9 /* LocationPermission */ = {
			isa = PBXGroup;
			children = (
				82C285D92CC8F26C000CF5F7 /* LocationPermissionAlert.swift */,
				82C285D72CC8F1AC000CF5F7 /* LocationPermissionChecker.swift */,
			);
			path = LocationPermission;
			sourceTree = "<group>";
		};
		8285454D2CC9A3650074EBF9 /* TransportationMode */ = {
			isa = PBXGroup;
			children = (
				82C286612CC96A3B000CF5F7 /* TransportationModeDetectionService.swift */,
			);
			path = TransportationMode;
			sourceTree = "<group>";
		};
		8285454E2CC9A36D0074EBF9 /* Geofencing */ = {
			isa = PBXGroup;
			children = (
				82C2866F2CC97049000CF5F7 /* GeofencingService.swift */,
			);
			path = Geofencing;
			sourceTree = "<group>";
		};
		8285454F2CC9A3840074EBF9 /* MapViewController */ = {
			isa = PBXGroup;
			children = (
				82C285BE2CC8E9E4000CF5F7 /* MapViewController.swift */,
			);
			path = MapViewController;
			sourceTree = "<group>";
		};
		828545502CC9A3910074EBF9 /* TripMapViewController */ = {
			isa = PBXGroup;
			children = (
				828545362CC996900074EBF9 /* TripMapViewController.swift */,
			);
			path = TripMapViewController;
			sourceTree = "<group>";
		};
		828545512CC9A39A0074EBF9 /* TripsViewController */ = {
			isa = PBXGroup;
			children = (
				82C285C62CC8EAA0000CF5F7 /* TripsViewController.swift */,
				82C286062CC90D03000CF5F7 /* TripsViewController+TripCell.swift */,
			);
			path = TripsViewController;
			sourceTree = "<group>";
		};
		828545522CC9A3A60074EBF9 /* StatisticViewController */ = {
			isa = PBXGroup;
			children = (
				82C286142CC915BA000CF5F7 /* StatisticsViewController.swift */,
			);
			path = StatisticViewController;
			sourceTree = "<group>";
		};
		828545532CC9A3C50074EBF9 /* MapViewModel */ = {
			isa = PBXGroup;
			children = (
				82C285BC2CC8E9A4000CF5F7 /* MapViewModel.swift */,
				82C285F52CC90466000CF5F7 /* MapViewModel+CoreData.swift */,
			);
			path = MapViewModel;
			sourceTree = "<group>";
		};
		828545542CC9A3D40074EBF9 /* TripsViewModel */ = {
			isa = PBXGroup;
			children = (
				82C285CA2CC8EACD000CF5F7 /* TripsViewModel.swift */,
				82C285F72CC9048A000CF5F7 /* TripsViewModel+CoreData.swift */,
			);
			path = TripsViewModel;
			sourceTree = "<group>";
		};
		828545552CC9A3DE0074EBF9 /* TripMapViewModel */ = {
			isa = PBXGroup;
			children = (
				8285453A2CC997210074EBF9 /* TripMapViewModel.swift */,
			);
			path = TripMapViewModel;
			sourceTree = "<group>";
		};
		828545562CC9A3EA0074EBF9 /* StatisticsViewModel */ = {
			isa = PBXGroup;
			children = (
				82C2860E2CC9154E000CF5F7 /* StatisticsViewModel.swift */,
			);
			path = StatisticsViewModel;
			sourceTree = "<group>";
		};
		82C2857B2CC8E918000CF5F7 = {
			isa = PBXGroup;
			children = (
				82C285862CC8E918000CF5F7 /* TrackingApp */,
				82C285A02CC8E91A000CF5F7 /* TrackingAppTests */,
				82C285AA2CC8E91A000CF5F7 /* TrackingAppUITests */,
				82C285852CC8E918000CF5F7 /* Products */,
			);
			sourceTree = "<group>";
		};
		82C285852CC8E918000CF5F7 /* Products */ = {
			isa = PBXGroup;
			children = (
				82C285842CC8E918000CF5F7 /* TrackingApp.app */,
				82C2859D2CC8E91A000CF5F7 /* TrackingAppTests.xctest */,
				82C285A72CC8E91A000CF5F7 /* TrackingAppUITests.xctest */,
			);
			name = Products;
			sourceTree = "<group>";
		};
		82C285862CC8E918000CF5F7 /* TrackingApp */ = {
			isa = PBXGroup;
			children = (
				82C285902CC8E918000CF5F7 /* TrackingApp.xcdatamodeld */,
				82C286732CC97096000CF5F7 /* Extensions */,
				82C285982CC8E91A000CF5F7 /* Info.plist */,
				82C285DD2CC8F30F000CF5F7 /* Application */,
				82C285E62CC8F493000CF5F7 /* Resources */,
				82C285DE2CC8F32B000CF5F7 /* Core */,
				82C285E32CC8F389000CF5F7 /* ViewControllers */,
				82C285E52CC8F3AB000CF5F7 /* Entities */,
				82C285E42CC8F394000CF5F7 /* Views */,
			);
			path = TrackingApp;
			sourceTree = "<group>";
		};
		82C285A02CC8E91A000CF5F7 /* TrackingAppTests */ = {
			isa = PBXGroup;
			children = (
				82C285CF2CC8ECD5000CF5F7 /* AppDelegateTests.swift */,
				82C286742CC970F9000CF5F7 /* GeofencingServiceTests.swift */,
				82C286672CC96D53000CF5F7 /* AppLocationManagerTests.swift */,
				82C2866D2CC96E5C000CF5F7 /* AppNotificationsTests.swift */,
				82C2861F2CC918B2000CF5F7 /* CoordinatorTests.swift */,
				82C285DB2CC8F2B6000CF5F7 /* LocationPermissionTests.swift */,
				82C285A12CC8E91A000CF5F7 /* TrackingAppTests.swift */,
				82C286652CC96A91000CF5F7 /* TransportationModeDetectionServiceTests.swift */,
				82C2861A2CC9171E000CF5F7 /* TripStatCardViewTests.swift */,
				82C286082CC90DCD000CF5F7 /* TripsViewControllerTests.swift */,
			);
			path = TrackingAppTests;
			sourceTree = "<group>";
		};
		82C285AA2CC8E91A000CF5F7 /* TrackingAppUITests */ = {
			isa = PBXGroup;
			children = (
				82C285AB2CC8E91A000CF5F7 /* TrackingAppUITests.swift */,
				82C286302CC91FD7000CF5F7 /* MockDataHelper.swift */,
				82C286322CC91FFA000CF5F7 /* XCTestCase+Helpers.swift */,
				82C285AD2CC8E91A000CF5F7 /* TrackingAppUITestsLaunchTests.swift */,
			);
			path = TrackingAppUITests;
			sourceTree = "<group>";
		};
		82C285DD2CC8F30F000CF5F7 /* Application */ = {
			isa = PBXGroup;
			children = (
				82C285872CC8E918000CF5F7 /* AppDelegate.swift */,
				82C285892CC8E918000CF5F7 /* SceneDelegate.swift */,
			);
			path = Application;
			sourceTree = "<group>";
		};
		82C285DE2CC8F32B000CF5F7 /* Core */ = {
			isa = PBXGroup;
			children = (
				82C2865C2CC9596C000CF5F7 /* Categories */,
				82C285DF2CC8F332000CF5F7 /* Coordinators */,
				82C285E22CC8F37A000CF5F7 /* Services */,
				82C285E02CC8F360000CF5F7 /* ViewModels */,
			);
			path = Core;
			sourceTree = "<group>";
		};
		82C285DF2CC8F332000CF5F7 /* Coordinators */ = {
			isa = PBXGroup;
			children = (
				82C285BA2CC8E94B000CF5F7 /* AppCoordinator.swift */,
				82C285C42CC8EA4B000CF5F7 /* MapCoordinator.swift */,
				82C2861C2CC9182D000CF5F7 /* StatisticsCoordinator.swift */,
				82C285C82CC8EAB1000CF5F7 /* TripCoordinator.swift */,
			);
			path = Coordinators;
			sourceTree = "<group>";
		};
		82C285E02CC8F360000CF5F7 /* ViewModels */ = {
			isa = PBXGroup;
			children = (
				828545532CC9A3C50074EBF9 /* MapViewModel */,
				828545542CC9A3D40074EBF9 /* TripsViewModel */,
				828545552CC9A3DE0074EBF9 /* TripMapViewModel */,
				828545562CC9A3EA0074EBF9 /* StatisticsViewModel */,
			);
			path = ViewModels;
			sourceTree = "<group>";
		};
		82C285E22CC8F37A000CF5F7 /* Services */ = {
			isa = PBXGroup;
			children = (
				8285454A2CC9A3370074EBF9 /* AppLocationManager */,
				8285454B2CC9A3500074EBF9 /* CoreDataManager */,
				8285454E2CC9A36D0074EBF9 /* Geofencing */,
				8285454C2CC9A35B0074EBF9 /* LocationPermission */,
				8285454D2CC9A3650074EBF9 /* TransportationMode */,
			);
			path = Services;
			sourceTree = "<group>";
		};
		82C285E32CC8F389000CF5F7 /* ViewControllers */ = {
			isa = PBXGroup;
			children = (
				8285454F2CC9A3840074EBF9 /* MapViewController */,
				828545502CC9A3910074EBF9 /* TripMapViewController */,
				828545512CC9A39A0074EBF9 /* TripsViewController */,
				828545522CC9A3A60074EBF9 /* StatisticViewController */,
			);
			path = ViewControllers;
			sourceTree = "<group>";
		};
		82C285E42CC8F394000CF5F7 /* Views */ = {
			isa = PBXGroup;
			children = (
				82C285C22CC8EA2F000CF5F7 /* SpeedView.swift */,
				82C286172CC915FB000CF5F7 /* TripStatCardView.swift */,
				8285453E2CC997690074EBF9 /* TripStatsView.swift */,
				82C286502CC931C0000CF5F7 /* StatCardView.swift */,
				82C286022CC90BE5000CF5F7 /* LoadingView.swift */,
				82C286042CC90C09000CF5F7 /* EmptyStateView.swift */,
				828545422CC9979D0074EBF9 /* TripAnnotation.swift */,
			);
			path = Views;
			sourceTree = "<group>";
		};
		82C285E52CC8F3AB000CF5F7 /* Entities */ = {
			isa = PBXGroup;
			children = (
				82C285F12CC903E4000CF5F7 /* Trip */,
				82C285F22CC903ED000CF5F7 /* Location */,
			);
			path = Entities;
			sourceTree = "<group>";
		};
		82C285E62CC8F493000CF5F7 /* Resources */ = {
			isa = PBXGroup;
			children = (
				82C285932CC8E91A000CF5F7 /* Assets.xcassets */,
				82C285952CC8E91A000CF5F7 /* LaunchScreen.storyboard */,
			);
			path = Resources;
			sourceTree = "<group>";
		};
		82C285F12CC903E4000CF5F7 /* Trip */ = {
			isa = PBXGroup;
			children = (
				82C285CC2CC8EAE2000CF5F7 /* TripEntity.swift */,
				82C285E72CC90330000CF5F7 /* TripEntity+CoreDataClass.swift */,
				82C285E92CC90352000CF5F7 /* TripEntity+CoreDataProperties.swift */,
			);
			path = Trip;
			sourceTree = "<group>";
		};
		82C285F22CC903ED000CF5F7 /* Location */ = {
			isa = PBXGroup;
			children = (
				82C285EB2CC9037E000CF5F7 /* LocationEntity.swift */,
				82C285ED2CC9038A000CF5F7 /* LocationEntity+CoreDataClass.swift */,
				82C285EF2CC903C8000CF5F7 /* LocationEntity+CoreDataProperties.swift */,
			);
			path = Location;
			sourceTree = "<group>";
		};
		82C2865C2CC9596C000CF5F7 /* Categories */ = {
			isa = PBXGroup;
			children = (
				82C286542CC953B9000CF5F7 /* TransportationMode.swift */,
				82C2865D2CC9599F000CF5F7 /* LoadingState.swift */,
			);
			path = Categories;
			sourceTree = "<group>";
		};
		82C286732CC97096000CF5F7 /* Extensions */ = {
			isa = PBXGroup;
			children = (
				82C286692CC96DB8000CF5F7 /* Notifications+Names.swift */,
			);
			path = Extensions;
			sourceTree = "<group>";
		};
/* End PBXGroup section */

/* Begin PBXNativeTarget section */
		82C285832CC8E918000CF5F7 /* TrackingApp */ = {
			isa = PBXNativeTarget;
			buildConfigurationList = 82C285B12CC8E91A000CF5F7 /* Build configuration list for PBXNativeTarget "TrackingApp" */;
			buildPhases = (
				82C285802CC8E918000CF5F7 /* Sources */,
				82C285812CC8E918000CF5F7 /* Frameworks */,
				82C285822CC8E918000CF5F7 /* Resources */,
			);
			buildRules = (
			);
			dependencies = (
			);
			name = TrackingApp;
			productName = TrackingApp;
			productReference = 82C285842CC8E918000CF5F7 /* TrackingApp.app */;
			productType = "com.apple.product-type.application";
		};
		82C2859C2CC8E91A000CF5F7 /* TrackingAppTests */ = {
			isa = PBXNativeTarget;
			buildConfigurationList = 82C285B42CC8E91A000CF5F7 /* Build configuration list for PBXNativeTarget "TrackingAppTests" */;
			buildPhases = (
				82C285992CC8E91A000CF5F7 /* Sources */,
				82C2859A2CC8E91A000CF5F7 /* Frameworks */,
				82C2859B2CC8E91A000CF5F7 /* Resources */,
			);
			buildRules = (
			);
			dependencies = (
				82C2859F2CC8E91A000CF5F7 /* PBXTargetDependency */,
			);
			name = TrackingAppTests;
			productName = TrackingAppTests;
			productReference = 82C2859D2CC8E91A000CF5F7 /* TrackingAppTests.xctest */;
			productType = "com.apple.product-type.bundle.unit-test";
		};
		82C285A62CC8E91A000CF5F7 /* TrackingAppUITests */ = {
			isa = PBXNativeTarget;
			buildConfigurationList = 82C285B72CC8E91A000CF5F7 /* Build configuration list for PBXNativeTarget "TrackingAppUITests" */;
			buildPhases = (
				82C285A32CC8E91A000CF5F7 /* Sources */,
				82C285A42CC8E91A000CF5F7 /* Frameworks */,
				82C285A52CC8E91A000CF5F7 /* Resources */,
			);
			buildRules = (
			);
			dependencies = (
				82C285A92CC8E91A000CF5F7 /* PBXTargetDependency */,
			);
			name = TrackingAppUITests;
			productName = TrackingAppUITests;
			productReference = 82C285A72CC8E91A000CF5F7 /* TrackingAppUITests.xctest */;
			productType = "com.apple.product-type.bundle.ui-testing";
		};
/* End PBXNativeTarget section */

/* Begin PBXProject section */
		82C2857C2CC8E918000CF5F7 /* Project object */ = {
			isa = PBXProject;
			attributes = {
				BuildIndependentTargetsInParallel = 1;
				LastSwiftUpdateCheck = 1510;
				LastUpgradeCheck = 1510;
				TargetAttributes = {
					82C285832CC8E918000CF5F7 = {
						CreatedOnToolsVersion = 15.1;
					};
					82C2859C2CC8E91A000CF5F7 = {
						CreatedOnToolsVersion = 15.1;
						TestTargetID = 82C285832CC8E918000CF5F7;
					};
					82C285A62CC8E91A000CF5F7 = {
						CreatedOnToolsVersion = 15.1;
						TestTargetID = 82C285832CC8E918000CF5F7;
					};
				};
			};
			buildConfigurationList = 82C2857F2CC8E918000CF5F7 /* Build configuration list for PBXProject "TrackingApp" */;
			compatibilityVersion = "Xcode 14.0";
			developmentRegion = en;
			hasScannedForEncodings = 0;
			knownRegions = (
				en,
				Base,
			);
			mainGroup = 82C2857B2CC8E918000CF5F7;
			productRefGroup = 82C285852CC8E918000CF5F7 /* Products */;
			projectDirPath = "";
			projectRoot = "";
			targets = (
				82C285832CC8E918000CF5F7 /* TrackingApp */,
				82C2859C2CC8E91A000CF5F7 /* TrackingAppTests */,
				82C285A62CC8E91A000CF5F7 /* TrackingAppUITests */,
			);
		};
/* End PBXProject section */

/* Begin PBXResourcesBuildPhase section */
		82C285822CC8E918000CF5F7 /* Resources */ = {
			isa = PBXResourcesBuildPhase;
			buildActionMask = 2147483647;
			files = (
				82C285972CC8E91A000CF5F7 /* LaunchScreen.storyboard in Resources */,
				82C285942CC8E91A000CF5F7 /* Assets.xcassets in Resources */,
			);
			runOnlyForDeploymentPostprocessing = 0;
		};
		82C2859B2CC8E91A000CF5F7 /* Resources */ = {
			isa = PBXResourcesBuildPhase;
			buildActionMask = 2147483647;
			files = (
			);
			runOnlyForDeploymentPostprocessing = 0;
		};
		82C285A52CC8E91A000CF5F7 /* Resources */ = {
			isa = PBXResourcesBuildPhase;
			buildActionMask = 2147483647;
			files = (
			);
			runOnlyForDeploymentPostprocessing = 0;
		};
/* End PBXResourcesBuildPhase section */

/* Begin PBXSourcesBuildPhase section */
		82C285802CC8E918000CF5F7 /* Sources */ = {
			isa = PBXSourcesBuildPhase;
			buildActionMask = 2147483647;
			files = (
				828545372CC996900074EBF9 /* TripMapViewController.swift in Sources */,
				82C285C52CC8EA4B000CF5F7 /* MapCoordinator.swift in Sources */,
				8285453B2CC997210074EBF9 /* TripMapViewModel.swift in Sources */,
				82C285CB2CC8EACD000CF5F7 /* TripsViewModel.swift in Sources */,
				82C286702CC97049000CF5F7 /* GeofencingService.swift in Sources */,
				82C286152CC915BA000CF5F7 /* StatisticsViewController.swift in Sources */,
				82C285F62CC90466000CF5F7 /* MapViewModel+CoreData.swift in Sources */,
				82C2860F2CC9154E000CF5F7 /* StatisticsViewModel.swift in Sources */,
				82C2866A2CC96DB8000CF5F7 /* Notifications+Names.swift in Sources */,
				82C285922CC8E918000CF5F7 /* TrackingApp.xcdatamodeld in Sources */,
				82C285D62CC8EEE2000CF5F7 /* AppLocationManager.swift in Sources */,
				82C286182CC915FB000CF5F7 /* TripStatCardView.swift in Sources */,
				82C285BB2CC8E94B000CF5F7 /* AppCoordinator.swift in Sources */,
				82C285D82CC8F1AC000CF5F7 /* LocationPermissionChecker.swift in Sources */,
				82C285882CC8E918000CF5F7 /* AppDelegate.swift in Sources */,
				82C285EC2CC9037E000CF5F7 /* LocationEntity.swift in Sources */,
				82C286552CC953B9000CF5F7 /* TransportationMode.swift in Sources */,
				82C2858A2CC8E918000CF5F7 /* SceneDelegate.swift in Sources */,
				82C285EE2CC9038A000CF5F7 /* LocationEntity+CoreDataClass.swift in Sources */,
				82C286772CC971F4000CF5F7 /* AppLocationManager+Geofencing.swift in Sources */,
				82C285C92CC8EAB1000CF5F7 /* TripCoordinator.swift in Sources */,
				828545432CC9979D0074EBF9 /* TripAnnotation.swift in Sources */,
				82C285E82CC90330000CF5F7 /* TripEntity+CoreDataClass.swift in Sources */,
				828545472CC998230074EBF9 /* CoreDataManager+Locations.swift in Sources */,
				82C285F42CC90404000CF5F7 /* CoreDataManager.swift in Sources */,
				82C285BD2CC8E9A4000CF5F7 /* MapViewModel.swift in Sources */,
				82C286072CC90D03000CF5F7 /* TripsViewController+TripCell.swift in Sources */,
				82C286622CC96A3C000CF5F7 /* TransportationModeDetectionService.swift in Sources */,
				8285453F2CC997690074EBF9 /* TripStatsView.swift in Sources */,
				82C285C32CC8EA2F000CF5F7 /* SpeedView.swift in Sources */,
				82C285CD2CC8EAE2000CF5F7 /* TripEntity.swift in Sources */,
				82C2865E2CC9599F000CF5F7 /* LoadingState.swift in Sources */,
				82C285F02CC903C8000CF5F7 /* LocationEntity+CoreDataProperties.swift in Sources */,
				82C286052CC90C09000CF5F7 /* EmptyStateView.swift in Sources */,
				82C286032CC90BE5000CF5F7 /* LoadingView.swift in Sources */,
				82C285DA2CC8F26C000CF5F7 /* LocationPermissionAlert.swift in Sources */,
				82C285EA2CC90353000CF5F7 /* TripEntity+CoreDataProperties.swift in Sources */,
				82C2861D2CC9182D000CF5F7 /* StatisticsCoordinator.swift in Sources */,
				82C286592CC95439000CF5F7 /* CoreDataManager+TransportationMode.swift in Sources */,
				82C285BF2CC8E9E4000CF5F7 /* MapViewController.swift in Sources */,
				82C285F82CC9048A000CF5F7 /* TripsViewModel+CoreData.swift in Sources */,
				82C286512CC931C0000CF5F7 /* StatCardView.swift in Sources */,
				82C285C72CC8EAA0000CF5F7 /* TripsViewController.swift in Sources */,
			);
			runOnlyForDeploymentPostprocessing = 0;
		};
		82C285992CC8E91A000CF5F7 /* Sources */ = {
			isa = PBXSourcesBuildPhase;
			buildActionMask = 2147483647;
			files = (
				82C285DC2CC8F2B6000CF5F7 /* LocationPermissionTests.swift in Sources */,
				82C2865A2CC95439000CF5F7 /* CoreDataManager+TransportationMode.swift in Sources */,
				82C2862C2CC91CDE000CF5F7 /* TripCoordinator.swift in Sources */,
				82C286092CC90DCD000CF5F7 /* TripsViewControllerTests.swift in Sources */,
				82C285FF2CC909BA000CF5F7 /* LocationPermissionChecker.swift in Sources */,
				82C285D02CC8ECD5000CF5F7 /* AppDelegateTests.swift in Sources */,
				82C2860D2CC90E42000CF5F7 /* TripsViewModel+CoreData.swift in Sources */,
				82C286232CC91CB3000CF5F7 /* TripEntity+CoreDataClass.swift in Sources */,
				82C286682CC96D53000CF5F7 /* AppLocationManagerTests.swift in Sources */,
				82C286632CC96A3C000CF5F7 /* TransportationModeDetectionService.swift in Sources */,
				82C286712CC97049000CF5F7 /* GeofencingService.swift in Sources */,
				82C286212CC91C47000CF5F7 /* AppCoordinator.swift in Sources */,
				828545442CC9979D0074EBF9 /* TripAnnotation.swift in Sources */,
				82C286222CC91C5E000CF5F7 /* TripEntity.swift in Sources */,
				82C286102CC9154E000CF5F7 /* StatisticsViewModel.swift in Sources */,
				82C2862E2CC91CE9000CF5F7 /* AppDelegate.swift in Sources */,
				82C2860C2CC90E3C000CF5F7 /* MapViewModel+CoreData.swift in Sources */,
				82C2860A2CC90E32000CF5F7 /* TripsViewController.swift in Sources */,
				82C2866B2CC96DB8000CF5F7 /* Notifications+Names.swift in Sources */,
				828545382CC996900074EBF9 /* TripMapViewController.swift in Sources */,
				82C285A22CC8E91A000CF5F7 /* TrackingAppTests.swift in Sources */,
				82C286282CC91CBF000CF5F7 /* SpeedView.swift in Sources */,
				828545402CC997690074EBF9 /* TripStatsView.swift in Sources */,
				828545482CC998230074EBF9 /* CoreDataManager+Locations.swift in Sources */,
				82C286782CC971F4000CF5F7 /* AppLocationManager+Geofencing.swift in Sources */,
				82C285FC2CC909B0000CF5F7 /* AppLocationManager.swift in Sources */,
				82C286562CC953B9000CF5F7 /* TransportationMode.swift in Sources */,
				82C286662CC96A91000CF5F7 /* TransportationModeDetectionServiceTests.swift in Sources */,
				82C286262CC91CBA000CF5F7 /* LocationEntity+CoreDataClass.swift in Sources */,
				82C286272CC91CBD000CF5F7 /* LocationEntity+CoreDataProperties.swift in Sources */,
				82C286242CC91CB6000CF5F7 /* TripEntity+CoreDataProperties.swift in Sources */,
				82C285CE2CC8EB75000CF5F7 /* TripsViewModel.swift in Sources */,
				82C2861B2CC9171E000CF5F7 /* TripStatCardViewTests.swift in Sources */,
				82C286202CC918B2000CF5F7 /* CoordinatorTests.swift in Sources */,
				82C2866E2CC96E5C000CF5F7 /* AppNotificationsTests.swift in Sources */,
				82C286522CC931C0000CF5F7 /* StatCardView.swift in Sources */,
				82C2862F2CC91CEC000CF5F7 /* SceneDelegate.swift in Sources */,
				82C2862D2CC91CE3000CF5F7 /* MapCoordinator.swift in Sources */,
				82C2862B2CC91CCA000CF5F7 /* MapViewController.swift in Sources */,
				82C285FE2CC909B8000CF5F7 /* LocationPermissionAlert.swift in Sources */,
				82C2861E2CC9182D000CF5F7 /* StatisticsCoordinator.swift in Sources */,
				82C285FD2CC909B4000CF5F7 /* CoreDataManager.swift in Sources */,
				82C286162CC915BA000CF5F7 /* StatisticsViewController.swift in Sources */,
				82C2862A2CC91CC5000CF5F7 /* EmptyStateView.swift in Sources */,
				82C2860B2CC90E36000CF5F7 /* TripsViewController+TripCell.swift in Sources */,
				8285453C2CC997210074EBF9 /* TripMapViewModel.swift in Sources */,
				82C286192CC915FB000CF5F7 /* TripStatCardView.swift in Sources */,
				82C286252CC91CB9000CF5F7 /* LocationEntity.swift in Sources */,
				82C2865F2CC9599F000CF5F7 /* LoadingState.swift in Sources */,
				82C286292CC91CC3000CF5F7 /* LoadingView.swift in Sources */,
				82C286752CC970F9000CF5F7 /* GeofencingServiceTests.swift in Sources */,
				82C285C02CC8E9E9000CF5F7 /* MapViewModel.swift in Sources */,
			);
			runOnlyForDeploymentPostprocessing = 0;
		};
		82C285A32CC8E91A000CF5F7 /* Sources */ = {
			isa = PBXSourcesBuildPhase;
			buildActionMask = 2147483647;
			files = (
				82C286722CC97049000CF5F7 /* GeofencingService.swift in Sources */,
				82C286332CC91FFA000CF5F7 /* XCTestCase+Helpers.swift in Sources */,
				82C286452CC92071000CF5F7 /* LocationPermissionChecker.swift in Sources */,
				828545452CC9979D0074EBF9 /* TripAnnotation.swift in Sources */,
				82C286382CC92045000CF5F7 /* TripEntity+CoreDataProperties.swift in Sources */,
				82C286492CC9207A000CF5F7 /* AppLocationManager.swift in Sources */,
				82C285AC2CC8E91A000CF5F7 /* TrackingAppUITests.swift in Sources */,
				82C2866C2CC96DB8000CF5F7 /* Notifications+Names.swift in Sources */,
				82C286412CC92060000CF5F7 /* MapViewController.swift in Sources */,
				82C285E12CC8F367000CF5F7 /* TripsViewModel.swift in Sources */,
				82C285AE2CC8E91A000CF5F7 /* TrackingAppUITestsLaunchTests.swift in Sources */,
				82C2863B2CC9204E000CF5F7 /* LoadingView.swift in Sources */,
				82C2863F2CC9205C000CF5F7 /* TripsViewController+TripCell.swift in Sources */,
				82C2863D2CC92053000CF5F7 /* SpeedView.swift in Sources */,
				82C286602CC9599F000CF5F7 /* LoadingState.swift in Sources */,
				82C286572CC953B9000CF5F7 /* TransportationMode.swift in Sources */,
				82C286532CC931C0000CF5F7 /* StatCardView.swift in Sources */,
				82C2863E2CC92058000CF5F7 /* StatisticsViewController.swift in Sources */,
				82C286792CC971F4000CF5F7 /* AppLocationManager+Geofencing.swift in Sources */,
				82C2863A2CC9204C000CF5F7 /* EmptyStateView.swift in Sources */,
				8285453D2CC997210074EBF9 /* TripMapViewModel.swift in Sources */,
				82C2865B2CC95439000CF5F7 /* CoreDataManager+TransportationMode.swift in Sources */,
				82C2864C2CC92082000CF5F7 /* MapCoordinator.swift in Sources */,
				82C286462CC92073000CF5F7 /* LocationPermissionAlert.swift in Sources */,
				828545412CC997690074EBF9 /* TripStatsView.swift in Sources */,
				82C2863C2CC92050000CF5F7 /* TripStatCardView.swift in Sources */,
				82C2864A2CC9207D000CF5F7 /* TripCoordinator.swift in Sources */,
				82C286432CC92066000CF5F7 /* TripsViewModel+CoreData.swift in Sources */,
				82C286392CC92047000CF5F7 /* TripEntity+CoreDataClass.swift in Sources */,
				82C2864D2CC92084000CF5F7 /* AppCoordinator.swift in Sources */,
				82C285C12CC8E9EB000CF5F7 /* MapViewModel.swift in Sources */,
				82C286642CC96A3C000CF5F7 /* TransportationModeDetectionService.swift in Sources */,
				82C286372CC92043000CF5F7 /* LocationEntity+CoreDataProperties.swift in Sources */,
				828545392CC996900074EBF9 /* TripMapViewController.swift in Sources */,
				82C2864B2CC9207F000CF5F7 /* StatisticsCoordinator.swift in Sources */,
				82C286402CC9205E000CF5F7 /* TripsViewController.swift in Sources */,
				82C286352CC9203E000CF5F7 /* LocationEntity.swift in Sources */,
				828545492CC998230074EBF9 /* CoreDataManager+Locations.swift in Sources */,
				82C286472CC92075000CF5F7 /* CoreDataManager.swift in Sources */,
				82C286422CC92063000CF5F7 /* StatisticsViewModel.swift in Sources */,
				82C286342CC9201A000CF5F7 /* TripEntity.swift in Sources */,
				82C2864E2CC92088000CF5F7 /* SceneDelegate.swift in Sources */,
				82C286312CC91FD7000CF5F7 /* MockDataHelper.swift in Sources */,
				82C286442CC9206B000CF5F7 /* MapViewModel+CoreData.swift in Sources */,
				82C2864F2CC9208A000CF5F7 /* AppDelegate.swift in Sources */,
				82C286362CC92041000CF5F7 /* LocationEntity+CoreDataClass.swift in Sources */,
			);
			runOnlyForDeploymentPostprocessing = 0;
		};
/* End PBXSourcesBuildPhase section */

/* Begin PBXTargetDependency section */
		82C2859F2CC8E91A000CF5F7 /* PBXTargetDependency */ = {
			isa = PBXTargetDependency;
			target = 82C285832CC8E918000CF5F7 /* TrackingApp */;
			targetProxy = 82C2859E2CC8E91A000CF5F7 /* PBXContainerItemProxy */;
		};
		82C285A92CC8E91A000CF5F7 /* PBXTargetDependency */ = {
			isa = PBXTargetDependency;
			target = 82C285832CC8E918000CF5F7 /* TrackingApp */;
			targetProxy = 82C285A82CC8E91A000CF5F7 /* PBXContainerItemProxy */;
		};
/* End PBXTargetDependency section */

/* Begin PBXVariantGroup section */
		82C285952CC8E91A000CF5F7 /* LaunchScreen.storyboard */ = {
			isa = PBXVariantGroup;
			children = (
				82C285962CC8E91A000CF5F7 /* Base */,
			);
			name = LaunchScreen.storyboard;
			sourceTree = "<group>";
		};
/* End PBXVariantGroup section */

/* Begin XCBuildConfiguration section */
		82C285AF2CC8E91A000CF5F7 /* Debug */ = {
			isa = XCBuildConfiguration;
			buildSettings = {
				ALWAYS_SEARCH_USER_PATHS = NO;
				ASSETCATALOG_COMPILER_GENERATE_SWIFT_ASSET_SYMBOL_EXTENSIONS = YES;
				CLANG_ANALYZER_NONNULL = YES;
				CLANG_ANALYZER_NUMBER_OBJECT_CONVERSION = YES_AGGRESSIVE;
				CLANG_CXX_LANGUAGE_STANDARD = "gnu++20";
				CLANG_ENABLE_MODULES = YES;
				CLANG_ENABLE_OBJC_ARC = YES;
				CLANG_ENABLE_OBJC_WEAK = YES;
				CLANG_WARN_BLOCK_CAPTURE_AUTORELEASING = YES;
				CLANG_WARN_BOOL_CONVERSION = YES;
				CLANG_WARN_COMMA = YES;
				CLANG_WARN_CONSTANT_CONVERSION = YES;
				CLANG_WARN_DEPRECATED_OBJC_IMPLEMENTATIONS = YES;
				CLANG_WARN_DIRECT_OBJC_ISA_USAGE = YES_ERROR;
				CLANG_WARN_DOCUMENTATION_COMMENTS = YES;
				CLANG_WARN_EMPTY_BODY = YES;
				CLANG_WARN_ENUM_CONVERSION = YES;
				CLANG_WARN_INFINITE_RECURSION = YES;
				CLANG_WARN_INT_CONVERSION = YES;
				CLANG_WARN_NON_LITERAL_NULL_CONVERSION = YES;
				CLANG_WARN_OBJC_IMPLICIT_RETAIN_SELF = YES;
				CLANG_WARN_OBJC_LITERAL_CONVERSION = YES;
				CLANG_WARN_OBJC_ROOT_CLASS = YES_ERROR;
				CLANG_WARN_QUOTED_INCLUDE_IN_FRAMEWORK_HEADER = YES;
				CLANG_WARN_RANGE_LOOP_ANALYSIS = YES;
				CLANG_WARN_STRICT_PROTOTYPES = YES;
				CLANG_WARN_SUSPICIOUS_MOVE = YES;
				CLANG_WARN_UNGUARDED_AVAILABILITY = YES_AGGRESSIVE;
				CLANG_WARN_UNREACHABLE_CODE = YES;
				CLANG_WARN__DUPLICATE_METHOD_MATCH = YES;
				COPY_PHASE_STRIP = NO;
				DEBUG_INFORMATION_FORMAT = dwarf;
				ENABLE_STRICT_OBJC_MSGSEND = YES;
				ENABLE_TESTABILITY = YES;
				ENABLE_USER_SCRIPT_SANDBOXING = YES;
				GCC_C_LANGUAGE_STANDARD = gnu17;
				GCC_DYNAMIC_NO_PIC = NO;
				GCC_NO_COMMON_BLOCKS = YES;
				GCC_OPTIMIZATION_LEVEL = 0;
				GCC_PREPROCESSOR_DEFINITIONS = (
					"DEBUG=1",
					"$(inherited)",
				);
				GCC_WARN_64_TO_32_BIT_CONVERSION = YES;
				GCC_WARN_ABOUT_RETURN_TYPE = YES_ERROR;
				GCC_WARN_UNDECLARED_SELECTOR = YES;
				GCC_WARN_UNINITIALIZED_AUTOS = YES_AGGRESSIVE;
				GCC_WARN_UNUSED_FUNCTION = YES;
				GCC_WARN_UNUSED_VARIABLE = YES;
				IPHONEOS_DEPLOYMENT_TARGET = 17.2;
				LOCALIZATION_PREFERS_STRING_CATALOGS = YES;
				MTL_ENABLE_DEBUG_INFO = INCLUDE_SOURCE;
				MTL_FAST_MATH = YES;
				ONLY_ACTIVE_ARCH = YES;
				SDKROOT = iphoneos;
				SWIFT_ACTIVE_COMPILATION_CONDITIONS = "DEBUG $(inherited)";
				SWIFT_OPTIMIZATION_LEVEL = "-Onone";
			};
			name = Debug;
		};
		82C285B02CC8E91A000CF5F7 /* Release */ = {
			isa = XCBuildConfiguration;
			buildSettings = {
				ALWAYS_SEARCH_USER_PATHS = NO;
				ASSETCATALOG_COMPILER_GENERATE_SWIFT_ASSET_SYMBOL_EXTENSIONS = YES;
				CLANG_ANALYZER_NONNULL = YES;
				CLANG_ANALYZER_NUMBER_OBJECT_CONVERSION = YES_AGGRESSIVE;
				CLANG_CXX_LANGUAGE_STANDARD = "gnu++20";
				CLANG_ENABLE_MODULES = YES;
				CLANG_ENABLE_OBJC_ARC = YES;
				CLANG_ENABLE_OBJC_WEAK = YES;
				CLANG_WARN_BLOCK_CAPTURE_AUTORELEASING = YES;
				CLANG_WARN_BOOL_CONVERSION = YES;
				CLANG_WARN_COMMA = YES;
				CLANG_WARN_CONSTANT_CONVERSION = YES;
				CLANG_WARN_DEPRECATED_OBJC_IMPLEMENTATIONS = YES;
				CLANG_WARN_DIRECT_OBJC_ISA_USAGE = YES_ERROR;
				CLANG_WARN_DOCUMENTATION_COMMENTS = YES;
				CLANG_WARN_EMPTY_BODY = YES;
				CLANG_WARN_ENUM_CONVERSION = YES;
				CLANG_WARN_INFINITE_RECURSION = YES;
				CLANG_WARN_INT_CONVERSION = YES;
				CLANG_WARN_NON_LITERAL_NULL_CONVERSION = YES;
				CLANG_WARN_OBJC_IMPLICIT_RETAIN_SELF = YES;
				CLANG_WARN_OBJC_LITERAL_CONVERSION = YES;
				CLANG_WARN_OBJC_ROOT_CLASS = YES_ERROR;
				CLANG_WARN_QUOTED_INCLUDE_IN_FRAMEWORK_HEADER = YES;
				CLANG_WARN_RANGE_LOOP_ANALYSIS = YES;
				CLANG_WARN_STRICT_PROTOTYPES = YES;
				CLANG_WARN_SUSPICIOUS_MOVE = YES;
				CLANG_WARN_UNGUARDED_AVAILABILITY = YES_AGGRESSIVE;
				CLANG_WARN_UNREACHABLE_CODE = YES;
				CLANG_WARN__DUPLICATE_METHOD_MATCH = YES;
				COPY_PHASE_STRIP = NO;
				DEBUG_INFORMATION_FORMAT = "dwarf-with-dsym";
				ENABLE_NS_ASSERTIONS = NO;
				ENABLE_STRICT_OBJC_MSGSEND = YES;
				ENABLE_USER_SCRIPT_SANDBOXING = YES;
				GCC_C_LANGUAGE_STANDARD = gnu17;
				GCC_NO_COMMON_BLOCKS = YES;
				GCC_WARN_64_TO_32_BIT_CONVERSION = YES;
				GCC_WARN_ABOUT_RETURN_TYPE = YES_ERROR;
				GCC_WARN_UNDECLARED_SELECTOR = YES;
				GCC_WARN_UNINITIALIZED_AUTOS = YES_AGGRESSIVE;
				GCC_WARN_UNUSED_FUNCTION = YES;
				GCC_WARN_UNUSED_VARIABLE = YES;
				IPHONEOS_DEPLOYMENT_TARGET = 17.2;
				LOCALIZATION_PREFERS_STRING_CATALOGS = YES;
				MTL_ENABLE_DEBUG_INFO = NO;
				MTL_FAST_MATH = YES;
				SDKROOT = iphoneos;
				SWIFT_COMPILATION_MODE = wholemodule;
				VALIDATE_PRODUCT = YES;
			};
			name = Release;
		};
		82C285B22CC8E91A000CF5F7 /* Debug */ = {
			isa = XCBuildConfiguration;
			buildSettings = {
				ASSETCATALOG_COMPILER_APPICON_NAME = AppIcon;
				ASSETCATALOG_COMPILER_GLOBAL_ACCENT_COLOR_NAME = AccentColor;
				CODE_SIGN_STYLE = Automatic;
				CURRENT_PROJECT_VERSION = 1;
				DEVELOPMENT_TEAM = 75SEZC5TGW;
				GENERATE_INFOPLIST_FILE = YES;
				INFOPLIST_FILE = TrackingApp/Info.plist;
				INFOPLIST_KEY_LSApplicationCategoryType = "public.app-category.entertainment";
				INFOPLIST_KEY_NSLocationAlwaysAndWhenInUseUsageDescription = "We need background location access to continue tracking your trips even when the app is not active.";
				INFOPLIST_KEY_NSLocationAlwaysUsageDescription = "We need background location access to continue tracking your trips even when the app is not active.";
				INFOPLIST_KEY_NSLocationWhenInUseUsageDescription = "We need your location to track your trips and show your position on the map.";
				INFOPLIST_KEY_NSMotionUsageDescription = "This app needs to access motion and fitness activity to automatically detect when you start and stop traveling.";
				INFOPLIST_KEY_UIApplicationSupportsIndirectInputEvents = YES;
				INFOPLIST_KEY_UILaunchStoryboardName = LaunchScreen.storyboard;
				INFOPLIST_KEY_UIRequiresFullScreen = YES;
				INFOPLIST_KEY_UISupportedInterfaceOrientations = "UIInterfaceOrientationPortrait UIInterfaceOrientationPortraitUpsideDown";
				LD_RUNPATH_SEARCH_PATHS = (
					"$(inherited)",
					"@executable_path/Frameworks",
				);
				MARKETING_VERSION = 1.0;
				PRODUCT_BUNDLE_IDENTIFIER = armentechnology.TrackingApp;
				PRODUCT_NAME = "$(TARGET_NAME)";
				SWIFT_EMIT_LOC_STRINGS = YES;
				SWIFT_VERSION = 5.0;
				TARGETED_DEVICE_FAMILY = "1,2";
			};
			name = Debug;
		};
		82C285B32CC8E91A000CF5F7 /* Release */ = {
			isa = XCBuildConfiguration;
			buildSettings = {
				ASSETCATALOG_COMPILER_APPICON_NAME = AppIcon;
				ASSETCATALOG_COMPILER_GLOBAL_ACCENT_COLOR_NAME = AccentColor;
				CODE_SIGN_STYLE = Automatic;
				CURRENT_PROJECT_VERSION = 1;
				DEVELOPMENT_TEAM = 75SEZC5TGW;
				GENERATE_INFOPLIST_FILE = YES;
				INFOPLIST_FILE = TrackingApp/Info.plist;
				INFOPLIST_KEY_LSApplicationCategoryType = "public.app-category.entertainment";
				INFOPLIST_KEY_NSLocationAlwaysAndWhenInUseUsageDescription = "We need background location access to continue tracking your trips even when the app is not active.";
				INFOPLIST_KEY_NSLocationAlwaysUsageDescription = "We need background location access to continue tracking your trips even when the app is not active.";
				INFOPLIST_KEY_NSLocationWhenInUseUsageDescription = "We need your location to track your trips and show your position on the map.";
				INFOPLIST_KEY_NSMotionUsageDescription = "This app needs to access motion and fitness activity to automatically detect when you start and stop traveling.";
				INFOPLIST_KEY_UIApplicationSupportsIndirectInputEvents = YES;
				INFOPLIST_KEY_UILaunchStoryboardName = LaunchScreen.storyboard;
				INFOPLIST_KEY_UIRequiresFullScreen = YES;
				INFOPLIST_KEY_UISupportedInterfaceOrientations = "UIInterfaceOrientationPortrait UIInterfaceOrientationPortraitUpsideDown";
				LD_RUNPATH_SEARCH_PATHS = (
					"$(inherited)",
					"@executable_path/Frameworks",
				);
				MARKETING_VERSION = 1.0;
				PRODUCT_BUNDLE_IDENTIFIER = armentechnology.TrackingApp;
				PRODUCT_NAME = "$(TARGET_NAME)";
				SWIFT_EMIT_LOC_STRINGS = YES;
				SWIFT_VERSION = 5.0;
				TARGETED_DEVICE_FAMILY = "1,2";
			};
			name = Release;
		};
		82C285B52CC8E91A000CF5F7 /* Debug */ = {
			isa = XCBuildConfiguration;
			buildSettings = {
				ALWAYS_EMBED_SWIFT_STANDARD_LIBRARIES = YES;
				BUNDLE_LOADER = "$(TEST_HOST)";
				CODE_SIGN_STYLE = Automatic;
				CURRENT_PROJECT_VERSION = 1;
				DEVELOPMENT_TEAM = 75SEZC5TGW;
				GENERATE_INFOPLIST_FILE = YES;
				IPHONEOS_DEPLOYMENT_TARGET = 17.2;
				MARKETING_VERSION = 1.0;
				PRODUCT_BUNDLE_IDENTIFIER = armentechnology.TrackingAppTests;
				PRODUCT_NAME = "$(TARGET_NAME)";
				SWIFT_EMIT_LOC_STRINGS = NO;
				SWIFT_VERSION = 5.0;
				TARGETED_DEVICE_FAMILY = "1,2";
				TEST_HOST = "$(BUILT_PRODUCTS_DIR)/TrackingApp.app/$(BUNDLE_EXECUTABLE_FOLDER_PATH)/TrackingApp";
			};
			name = Debug;
		};
		82C285B62CC8E91A000CF5F7 /* Release */ = {
			isa = XCBuildConfiguration;
			buildSettings = {
				ALWAYS_EMBED_SWIFT_STANDARD_LIBRARIES = YES;
				BUNDLE_LOADER = "$(TEST_HOST)";
				CODE_SIGN_STYLE = Automatic;
				CURRENT_PROJECT_VERSION = 1;
				DEVELOPMENT_TEAM = 75SEZC5TGW;
				GENERATE_INFOPLIST_FILE = YES;
				IPHONEOS_DEPLOYMENT_TARGET = 17.2;
				MARKETING_VERSION = 1.0;
				PRODUCT_BUNDLE_IDENTIFIER = armentechnology.TrackingAppTests;
				PRODUCT_NAME = "$(TARGET_NAME)";
				SWIFT_EMIT_LOC_STRINGS = NO;
				SWIFT_VERSION = 5.0;
				TARGETED_DEVICE_FAMILY = "1,2";
				TEST_HOST = "$(BUILT_PRODUCTS_DIR)/TrackingApp.app/$(BUNDLE_EXECUTABLE_FOLDER_PATH)/TrackingApp";
			};
			name = Release;
		};
		82C285B82CC8E91A000CF5F7 /* Debug */ = {
			isa = XCBuildConfiguration;
			buildSettings = {
				ALWAYS_EMBED_SWIFT_STANDARD_LIBRARIES = YES;
				CODE_SIGN_STYLE = Automatic;
				CURRENT_PROJECT_VERSION = 1;
				DEVELOPMENT_TEAM = 75SEZC5TGW;
				GENERATE_INFOPLIST_FILE = YES;
				MARKETING_VERSION = 1.0;
				PRODUCT_BUNDLE_IDENTIFIER = armentechnology.TrackingAppUITests;
				PRODUCT_NAME = "$(TARGET_NAME)";
				SWIFT_EMIT_LOC_STRINGS = NO;
				SWIFT_VERSION = 5.0;
				TARGETED_DEVICE_FAMILY = "1,2";
				TEST_TARGET_NAME = TrackingApp;
			};
			name = Debug;
		};
		82C285B92CC8E91A000CF5F7 /* Release */ = {
			isa = XCBuildConfiguration;
			buildSettings = {
				ALWAYS_EMBED_SWIFT_STANDARD_LIBRARIES = YES;
				CODE_SIGN_STYLE = Automatic;
				CURRENT_PROJECT_VERSION = 1;
				DEVELOPMENT_TEAM = 75SEZC5TGW;
				GENERATE_INFOPLIST_FILE = YES;
				MARKETING_VERSION = 1.0;
				PRODUCT_BUNDLE_IDENTIFIER = armentechnology.TrackingAppUITests;
				PRODUCT_NAME = "$(TARGET_NAME)";
				SWIFT_EMIT_LOC_STRINGS = NO;
				SWIFT_VERSION = 5.0;
				TARGETED_DEVICE_FAMILY = "1,2";
				TEST_TARGET_NAME = TrackingApp;
			};
			name = Release;
		};
/* End XCBuildConfiguration section */

/* Begin XCConfigurationList section */
		82C2857F2CC8E918000CF5F7 /* Build configuration list for PBXProject "TrackingApp" */ = {
			isa = XCConfigurationList;
			buildConfigurations = (
				82C285AF2CC8E91A000CF5F7 /* Debug */,
				82C285B02CC8E91A000CF5F7 /* Release */,
			);
			defaultConfigurationIsVisible = 0;
			defaultConfigurationName = Release;
		};
		82C285B12CC8E91A000CF5F7 /* Build configuration list for PBXNativeTarget "TrackingApp" */ = {
			isa = XCConfigurationList;
			buildConfigurations = (
				82C285B22CC8E91A000CF5F7 /* Debug */,
				82C285B32CC8E91A000CF5F7 /* Release */,
			);
			defaultConfigurationIsVisible = 0;
			defaultConfigurationName = Release;
		};
		82C285B42CC8E91A000CF5F7 /* Build configuration list for PBXNativeTarget "TrackingAppTests" */ = {
			isa = XCConfigurationList;
			buildConfigurations = (
				82C285B52CC8E91A000CF5F7 /* Debug */,
				82C285B62CC8E91A000CF5F7 /* Release */,
			);
			defaultConfigurationIsVisible = 0;
			defaultConfigurationName = Release;
		};
		82C285B72CC8E91A000CF5F7 /* Build configuration list for PBXNativeTarget "TrackingAppUITests" */ = {
			isa = XCConfigurationList;
			buildConfigurations = (
				82C285B82CC8E91A000CF5F7 /* Debug */,
				82C285B92CC8E91A000CF5F7 /* Release */,
			);
			defaultConfigurationIsVisible = 0;
			defaultConfigurationName = Release;
		};
/* End XCConfigurationList section */

/* Begin XCVersionGroup section */
		82C285902CC8E918000CF5F7 /* TrackingApp.xcdatamodeld */ = {
			isa = XCVersionGroup;
			children = (
				82C285912CC8E918000CF5F7 /* TrackingApp.xcdatamodel */,
			);
			currentVersion = 82C285912CC8E918000CF5F7 /* TrackingApp.xcdatamodel */;
			path = TrackingApp.xcdatamodeld;
			sourceTree = "<group>";
			versionGroupType = wrapper.xcdatamodel;
		};
/* End XCVersionGroup section */
	};
	rootObject = 82C2857C2CC8E918000CF5F7 /* Project object */;
}
